
Microsoft Visual Studio Solution File, Format Version 12.00
# Visual Studio Version 16
VisualStudioVersion = 16.0.30413.136
MinimumVisualStudioVersion = 10.0.40219.1
Project("{FAE04EC0-301F-11D3-BF4B-00C04F79EFBC}") = "Chrome_Lounch", "Chrome_Lounch.csproj", "{79465BCB-B769-4508-AEB8-ED717B34694E}"
EndProject
Global
	GlobalSection(SolutionConfigurationPlatforms) = preSolution
		Debug|Any CPU = Debug|Any CPU
		Release|Any CPU = Release|Any CPU
	EndGlobalSection
	GlobalSection(ProjectConfigurationPlatforms) = postSolution
		{79465BCB-B769-4508-AEB8-ED717B34694E}.Debug|Any CPU.ActiveCfg = Debug|Any CPU
		{79465BCB-B769-4508-AEB8-ED717B34694E}.Debug|Any CPU.Build.0 = Debug|Any CPU
		{79465BCB-B769-4508-AEB8-ED717B34694E}.Release|Any CPU.ActiveCfg = Release|Any CPU
		{79465BCB-B769-4508-AEB8-ED717B34694E}.Release|Any CPU.Build.0 = Release|Any CPU
	EndGlobalSection
	GlobalSection(SolutionProperties) = preSolution
		HideSolutionNode = FALSE
	EndGlobalSection
	GlobalSection(ExtensibilityGlobals) = postSolution
		SolutionGuid = {A3FE09DE-B249-44E5-AA9B-0030158BE602}
	EndGlobalSection
EndGlobal
